
Microsoft Visual Studio Solution File, Format Version 12.00
# Visual Studio 14
VisualStudioVersion = 14.0.24720.0
MinimumVisualStudioVersion = 10.0.40219.1
Project("{2150E333-8FDC-42A3-9474-1A3956D46DE8}") = "AbstractFactory", "AbstractFactory", "{BE575FE9-5E55-4B99-B94A-444A29A4DBF8}"
EndProject
Project("{FAE04EC0-301F-11D3-BF4B-00C04F79EFBC}") = "AbstractFactory.Client", "AbstractFactory.Client\AbstractFactory.Client.csproj", "{DE250227-E8E9-4603-B97D-117961A7A155}"
EndProject
Project("{FAE04EC0-301F-11D3-BF4B-00C04F79EFBC}") = "AbstractFactory.Common", "AbstractFactory.Common\AbstractFactory.Common.csproj", "{407448AB-1427-4DBA-BB5A-4D915AFA26E1}"
EndProject
Project("{2150E333-8FDC-42A3-9474-1A3956D46DE8}") = "FactoryMethod", "FactoryMethod", "{F53B081A-5C6D-414D-8E75-E7C01B061C8D}"
EndProject
Project("{FAE04EC0-301F-11D3-BF4B-00C04F79EFBC}") = "Factory.Client", "Factory.Client\Factory.Client.csproj", "{BFC7C275-E2E5-4D6D-AB2D-0F6655BB1C37}"
EndProject
Project("{FAE04EC0-301F-11D3-BF4B-00C04F79EFBC}") = "Factory.Common", "Factory.Common\Factory.Common.csproj", "{5B29C3BD-13C6-4E86-B973-B6BCD1BE3588}"
EndProject
Project("{2150E333-8FDC-42A3-9474-1A3956D46DE8}") = "Builder", "Builder", "{02B861EE-D276-4B32-AB1E-0E10C87A8352}"
EndProject
Project("{FAE04EC0-301F-11D3-BF4B-00C04F79EFBC}") = "Builder.Client", "Builder.Client\Builder.Client.csproj", "{92EBF30C-D9A9-4819-8873-3F95B4CEDBD0}"
EndProject
Project("{FAE04EC0-301F-11D3-BF4B-00C04F79EFBC}") = "Builder.Common", "Builder.Common\Builder.Common.csproj", "{65F75D8E-4DA6-4199-A828-460BF03CF880}"
EndProject
Project("{2150E333-8FDC-42A3-9474-1A3956D46DE8}") = "CREATIONAL", "CREATIONAL", "{C985ACD2-6276-4368-93A5-7A819DFFA93C}"
EndProject
Project("{2150E333-8FDC-42A3-9474-1A3956D46DE8}") = "Prototype", "Prototype", "{211DAAE1-BF85-49E9-A652-00AC720AE290}"
EndProject
Project("{FAE04EC0-301F-11D3-BF4B-00C04F79EFBC}") = "Prototype.Client", "Prototype.Client\Prototype.Client.csproj", "{DCE22E57-E90B-4FC6-BB48-FDFAD8CDB390}"
EndProject
Project("{FAE04EC0-301F-11D3-BF4B-00C04F79EFBC}") = "Prototype.Common", "Prototype.Common\Prototype.Common.csproj", "{1B07DB38-8DB5-41A7-99ED-F0AC0074BE48}"
EndProject
Project("{FAE04EC0-301F-11D3-BF4B-00C04F79EFBC}") = "Singletone.Client", "Singletone.Client\Singletone.Client.csproj", "{78A4DD37-AAFC-4902-A628-B8B8C9EF0A0D}"
EndProject
Project("{2150E333-8FDC-42A3-9474-1A3956D46DE8}") = "Singletone", "Singletone", "{50037394-13B7-45D5-8FA9-895B5DCECDD5}"
EndProject
Project("{FAE04EC0-301F-11D3-BF4B-00C04F79EFBC}") = "Singletone.Common", "Singletone.Common\Singletone.Common.csproj", "{B7F8B238-0E44-40CA-9167-E5CFA0A0D08A}"
EndProject
Project("{FAE04EC0-301F-11D3-BF4B-00C04F79EFBC}") = "Singletone.Tests", "Singletone.Tests\Singletone.Tests.csproj", "{758B35CA-76C4-4CB0-9B45-371A3073234C}"
EndProject
Project("{2150E333-8FDC-42A3-9474-1A3956D46DE8}") = "STRUCTURAL", "STRUCTURAL", "{8E0B10D9-FD3A-49F2-8C5E-0A4D345C57DE}"
EndProject
Project("{2150E333-8FDC-42A3-9474-1A3956D46DE8}") = "Bridge", "Bridge", "{92900DB6-5CDD-4300-B80F-EF555ACE22C2}"
EndProject
Project("{FAE04EC0-301F-11D3-BF4B-00C04F79EFBC}") = "Bridge.Client", "Bridge.Client\Bridge.Client.csproj", "{801171CD-3AB4-4DDA-8657-82F2AF3BE284}"
EndProject
Project("{FAE04EC0-301F-11D3-BF4B-00C04F79EFBC}") = "Bridge.Common", "Bridge.Common\Bridge.Common.csproj", "{CC597096-5A22-4838-90A5-A8A9E9655A41}"
EndProject
Project("{2150E333-8FDC-42A3-9474-1A3956D46DE8}") = "Adapter", "Adapter", "{C8C12490-B25C-4E89-B446-26585C04BB51}"
EndProject
Project("{2150E333-8FDC-42A3-9474-1A3956D46DE8}") = "Composite", "Composite", "{2C4CF0B9-DAD8-40A3-8BF2-A3C884B60DBF}"
EndProject
Project("{2150E333-8FDC-42A3-9474-1A3956D46DE8}") = "Decorator", "Decorator", "{7D095101-ECB7-4367-B670-D682C603EDBC}"
EndProject
Project("{2150E333-8FDC-42A3-9474-1A3956D46DE8}") = "Flyweight", "Flyweight", "{6D4F572D-B4F6-49B4-B4AD-CB13F35ED5B3}"
EndProject
Project("{2150E333-8FDC-42A3-9474-1A3956D46DE8}") = "Facade", "Facade", "{CC6E612C-E834-4B9B-8071-5B31F695FD85}"
EndProject
Project("{2150E333-8FDC-42A3-9474-1A3956D46DE8}") = "Proxy", "Proxy", "{4DD03957-3290-48B6-94EB-98CBAB1138DB}"
EndProject
Project("{2150E333-8FDC-42A3-9474-1A3956D46DE8}") = "BEHAVIORAL", "BEHAVIORAL", "{D5E50FE6-AC45-4B11-AD27-054219E9858E}"
EndProject
Project("{2150E333-8FDC-42A3-9474-1A3956D46DE8}") = "Command", "Command", "{21854BC3-B84B-4594-80BF-1FB8EC288ACB}"
EndProject
Project("{2150E333-8FDC-42A3-9474-1A3956D46DE8}") = "Interpreter", "Interpreter", "{E9C55311-D146-47CD-8A12-045B1F5374B3}"
EndProject
Project("{2150E333-8FDC-42A3-9474-1A3956D46DE8}") = "Mediator", "Mediator", "{114B80B6-DB23-4658-9FBF-79487A5DF4F5}"
EndProject
Project("{2150E333-8FDC-42A3-9474-1A3956D46DE8}") = "Memento", "Memento", "{366723EF-ACD2-4BA0-88DF-BB2F05DAECD8}"
EndProject
Project("{2150E333-8FDC-42A3-9474-1A3956D46DE8}") = "Observer", "Observer", "{EF1B1F8C-66D2-4CBC-A43D-879ED20E3774}"
EndProject
Project("{2150E333-8FDC-42A3-9474-1A3956D46DE8}") = "State", "State", "{25D05D9B-4264-48F7-B316-834E745EA971}"
EndProject
Project("{2150E333-8FDC-42A3-9474-1A3956D46DE8}") = "Strategy", "Strategy", "{F109A999-77DE-42DF-80A4-04C10E3BEAEF}"
EndProject
Project("{2150E333-8FDC-42A3-9474-1A3956D46DE8}") = "TemplateMethod", "TemplateMethod", "{B1E73575-1C9A-44FF-9CE5-086F753CD76B}"
EndProject
Project("{2150E333-8FDC-42A3-9474-1A3956D46DE8}") = "Visitor", "Visitor", "{7C1F6044-DD58-4E17-AB9F-874F27DC9667}"
EndProject
Project("{FAE04EC0-301F-11D3-BF4B-00C04F79EFBC}") = "Adapter.Client", "Adapter.Client\Adapter.Client.csproj", "{52A1C3C0-865C-47A7-B1BE-DB27407E38F9}"
EndProject
Project("{FAE04EC0-301F-11D3-BF4B-00C04F79EFBC}") = "Adapter.Common", "Adapter.Common\Adapter.Common.csproj", "{125FCB54-501A-4FDC-A27F-69BD23F63765}"
EndProject
Project("{FAE04EC0-301F-11D3-BF4B-00C04F79EFBC}") = "Adapter.Model", "Adapter.Model\Adapter.Model.csproj", "{9B4641A1-122D-4B35-855B-70BBF8A90EA5}"
EndProject
Project("{FAE04EC0-301F-11D3-BF4B-00C04F79EFBC}") = "Composite.Client", "Composite.Client\Composite.Client.csproj", "{5B6FA709-D8A1-4827-AEE8-1485FE64EDE9}"
EndProject
Project("{FAE04EC0-301F-11D3-BF4B-00C04F79EFBC}") = "Composite.Common", "Composite.Common\Composite.Common.csproj", "{2B97C384-0977-4853-BDA8-C7372D8B7C19}"
EndProject
Project("{FAE04EC0-301F-11D3-BF4B-00C04F79EFBC}") = "Decorator.Client", "Decorator.Client\Decorator.Client.csproj", "{A9EA2E24-819D-4DD8-A3E6-098A95E3CFAF}"
EndProject
Project("{FAE04EC0-301F-11D3-BF4B-00C04F79EFBC}") = "Decorator.Common", "Decorator.Common\Decorator.Common.csproj", "{9982BA71-92C7-4318-84CF-7A647D747BC6}"
EndProject
Project("{FAE04EC0-301F-11D3-BF4B-00C04F79EFBC}") = "Facade.Client", "Facade.Client\Facade.Client.csproj", "{77EBCA2D-D69C-48DF-A6DE-EB8895D061C9}"
EndProject
Project("{FAE04EC0-301F-11D3-BF4B-00C04F79EFBC}") = "Facade.Common", "Facade.Common\Facade.Common.csproj", "{5E495D2D-AB23-4A36-A322-9A7CD730E8F7}"
EndProject
Project("{FAE04EC0-301F-11D3-BF4B-00C04F79EFBC}") = "Flyweight.Client", "Flyweight.Client\Flyweight.Client.csproj", "{049FB942-9379-4139-9D51-11C6A7874A7A}"
EndProject
Project("{FAE04EC0-301F-11D3-BF4B-00C04F79EFBC}") = "Flyweight.Common", "Flyweight.Common\Flyweight.Common.csproj", "{6564D647-0E4A-4EF0-A863-D39366E173C5}"
EndProject
Project("{FAE04EC0-301F-11D3-BF4B-00C04F79EFBC}") = "Proxy.Client", "Proxy.Client\Proxy.Client.csproj", "{A29D0AE7-97CE-43C9-BB12-9D934883940A}"
EndProject
Project("{FAE04EC0-301F-11D3-BF4B-00C04F79EFBC}") = "Proxy.Common", "Proxy.Common\Proxy.Common.csproj", "{BD08BA12-A595-4C38-B1DF-74E4EEA60CD3}"
EndProject
Project("{FAE04EC0-301F-11D3-BF4B-00C04F79EFBC}") = "Command.Client", "Command.Client\Command.Client.csproj", "{74AD75C0-3C41-4434-99C5-C9C9476C7E98}"
EndProject
Project("{FAE04EC0-301F-11D3-BF4B-00C04F79EFBC}") = "Command.Common", "Command.Common\Command.Common.csproj", "{E4B280D2-A0B9-4002-B94B-3131346DA05A}"
EndProject
Project("{FAE04EC0-301F-11D3-BF4B-00C04F79EFBC}") = "Interpreter.Client", "Interpreter.Client\Interpreter.Client.csproj", "{4852C786-6C30-4BC0-B854-E30BD4BEB473}"
EndProject
Project("{FAE04EC0-301F-11D3-BF4B-00C04F79EFBC}") = "Interpreter.Coomon", "Interpreter.Coomon\Interpreter.Coomon.csproj", "{2FD53348-19A7-45B0-9DF7-CC116717B9FF}"
EndProject
Project("{FAE04EC0-301F-11D3-BF4B-00C04F79EFBC}") = "Mediator.Client", "Mediator.Client\Mediator.Client.csproj", "{84061ED7-4FC8-482D-82EC-564DB9319682}"
EndProject
Project("{FAE04EC0-301F-11D3-BF4B-00C04F79EFBC}") = "Mediator.Common", "Mediator.Common\Mediator.Common.csproj", "{339F7882-F672-4CD4-A1E7-73D856D5E982}"
EndProject
Project("{FAE04EC0-301F-11D3-BF4B-00C04F79EFBC}") = "Memento.Common", "Memento.Common\Memento.Common.csproj", "{BE46C0B5-0491-4EE7-B3EA-5DB667073158}"
EndProject
Project("{FAE04EC0-301F-11D3-BF4B-00C04F79EFBC}") = "Memento.Client", "Memento.Client\Memento.Client.csproj", "{283EFFBD-6252-4377-A047-99E81480F337}"
EndProject
Project("{FAE04EC0-301F-11D3-BF4B-00C04F79EFBC}") = "Observer.Client", "Observer.Client\Observer.Client.csproj", "{247B3B67-E63C-4AB7-99BE-7EA0B04BE3FC}"
EndProject
Project("{FAE04EC0-301F-11D3-BF4B-00C04F79EFBC}") = "Observer.Common", "Observer.Common\Observer.Common.csproj", "{9FBB9767-AC57-4847-A75D-07BD41DB85F7}"
EndProject
Project("{FAE04EC0-301F-11D3-BF4B-00C04F79EFBC}") = "Strategy.Common", "Strategy.Common\Strategy.Common.csproj", "{0B98050A-4E1F-45F9-906F-0FB2551393C6}"
EndProject
Project("{FAE04EC0-301F-11D3-BF4B-00C04F79EFBC}") = "Strategy.Client", "Strategy.Client\Strategy.Client.csproj", "{576003BA-C565-4FDA-82D8-D8B960EC8569}"
EndProject
Project("{FAE04EC0-301F-11D3-BF4B-00C04F79EFBC}") = "State.Common", "State.Common\State.Common.csproj", "{4FB2B607-7BB6-46DB-AF1A-E6E5763E2413}"
EndProject
Project("{FAE04EC0-301F-11D3-BF4B-00C04F79EFBC}") = "State.Client", "State.Client\State.Client.csproj", "{2DB13A79-2BE6-4133-AAC1-82ADF61BC92E}"
EndProject
Project("{FAE04EC0-301F-11D3-BF4B-00C04F79EFBC}") = "TemplateMethod.Client", "TemplateMethod.Client\TemplateMethod.Client.csproj", "{3D6C41CC-2C7C-43A5-B6A9-8E6EC37C18F1}"
EndProject
Project("{FAE04EC0-301F-11D3-BF4B-00C04F79EFBC}") = "TemplateMethod.Common", "TemplateMethod.Common\TemplateMethod.Common.csproj", "{5E8A50E0-791D-4F06-B8DE-CE69C15100F9}"
EndProject
Project("{FAE04EC0-301F-11D3-BF4B-00C04F79EFBC}") = "Visito.Common", "Visito.Common\Visito.Common.csproj", "{4A464ACF-7D4D-4CDD-A464-C0D2AB8DFA49}"
EndProject
Project("{FAE04EC0-301F-11D3-BF4B-00C04F79EFBC}") = "Visitor.Client", "Visitor.Client\Visitor.Client.csproj", "{42F0F75F-C167-4AAB-94B5-4542E833ED85}"
EndProject
Global
	GlobalSection(SolutionConfigurationPlatforms) = preSolution
		Debug|Any CPU = Debug|Any CPU
		Release|Any CPU = Release|Any CPU
	EndGlobalSection
	GlobalSection(ProjectConfigurationPlatforms) = postSolution
		{DE250227-E8E9-4603-B97D-117961A7A155}.Debug|Any CPU.ActiveCfg = Debug|Any CPU
		{DE250227-E8E9-4603-B97D-117961A7A155}.Debug|Any CPU.Build.0 = Debug|Any CPU
		{DE250227-E8E9-4603-B97D-117961A7A155}.Release|Any CPU.ActiveCfg = Release|Any CPU
		{DE250227-E8E9-4603-B97D-117961A7A155}.Release|Any CPU.Build.0 = Release|Any CPU
		{407448AB-1427-4DBA-BB5A-4D915AFA26E1}.Debug|Any CPU.ActiveCfg = Debug|Any CPU
		{407448AB-1427-4DBA-BB5A-4D915AFA26E1}.Debug|Any CPU.Build.0 = Debug|Any CPU
		{407448AB-1427-4DBA-BB5A-4D915AFA26E1}.Release|Any CPU.ActiveCfg = Release|Any CPU
		{407448AB-1427-4DBA-BB5A-4D915AFA26E1}.Release|Any CPU.Build.0 = Release|Any CPU
		{BFC7C275-E2E5-4D6D-AB2D-0F6655BB1C37}.Debug|Any CPU.ActiveCfg = Debug|Any CPU
		{BFC7C275-E2E5-4D6D-AB2D-0F6655BB1C37}.Debug|Any CPU.Build.0 = Debug|Any CPU
		{BFC7C275-E2E5-4D6D-AB2D-0F6655BB1C37}.Release|Any CPU.ActiveCfg = Release|Any CPU
		{BFC7C275-E2E5-4D6D-AB2D-0F6655BB1C37}.Release|Any CPU.Build.0 = Release|Any CPU
		{5B29C3BD-13C6-4E86-B973-B6BCD1BE3588}.Debug|Any CPU.ActiveCfg = Debug|Any CPU
		{5B29C3BD-13C6-4E86-B973-B6BCD1BE3588}.Debug|Any CPU.Build.0 = Debug|Any CPU
		{5B29C3BD-13C6-4E86-B973-B6BCD1BE3588}.Release|Any CPU.ActiveCfg = Release|Any CPU
		{5B29C3BD-13C6-4E86-B973-B6BCD1BE3588}.Release|Any CPU.Build.0 = Release|Any CPU
		{92EBF30C-D9A9-4819-8873-3F95B4CEDBD0}.Debug|Any CPU.ActiveCfg = Debug|Any CPU
		{92EBF30C-D9A9-4819-8873-3F95B4CEDBD0}.Debug|Any CPU.Build.0 = Debug|Any CPU
		{92EBF30C-D9A9-4819-8873-3F95B4CEDBD0}.Release|Any CPU.ActiveCfg = Release|Any CPU
		{92EBF30C-D9A9-4819-8873-3F95B4CEDBD0}.Release|Any CPU.Build.0 = Release|Any CPU
		{65F75D8E-4DA6-4199-A828-460BF03CF880}.Debug|Any CPU.ActiveCfg = Debug|Any CPU
		{65F75D8E-4DA6-4199-A828-460BF03CF880}.Debug|Any CPU.Build.0 = Debug|Any CPU
		{65F75D8E-4DA6-4199-A828-460BF03CF880}.Release|Any CPU.ActiveCfg = Release|Any CPU
		{65F75D8E-4DA6-4199-A828-460BF03CF880}.Release|Any CPU.Build.0 = Release|Any CPU
		{DCE22E57-E90B-4FC6-BB48-FDFAD8CDB390}.Debug|Any CPU.ActiveCfg = Debug|Any CPU
		{DCE22E57-E90B-4FC6-BB48-FDFAD8CDB390}.Debug|Any CPU.Build.0 = Debug|Any CPU
		{DCE22E57-E90B-4FC6-BB48-FDFAD8CDB390}.Release|Any CPU.ActiveCfg = Release|Any CPU
		{DCE22E57-E90B-4FC6-BB48-FDFAD8CDB390}.Release|Any CPU.Build.0 = Release|Any CPU
		{1B07DB38-8DB5-41A7-99ED-F0AC0074BE48}.Debug|Any CPU.ActiveCfg = Debug|Any CPU
		{1B07DB38-8DB5-41A7-99ED-F0AC0074BE48}.Debug|Any CPU.Build.0 = Debug|Any CPU
		{1B07DB38-8DB5-41A7-99ED-F0AC0074BE48}.Release|Any CPU.ActiveCfg = Release|Any CPU
		{1B07DB38-8DB5-41A7-99ED-F0AC0074BE48}.Release|Any CPU.Build.0 = Release|Any CPU
		{78A4DD37-AAFC-4902-A628-B8B8C9EF0A0D}.Debug|Any CPU.ActiveCfg = Debug|Any CPU
		{78A4DD37-AAFC-4902-A628-B8B8C9EF0A0D}.Debug|Any CPU.Build.0 = Debug|Any CPU
		{78A4DD37-AAFC-4902-A628-B8B8C9EF0A0D}.Release|Any CPU.ActiveCfg = Release|Any CPU
		{78A4DD37-AAFC-4902-A628-B8B8C9EF0A0D}.Release|Any CPU.Build.0 = Release|Any CPU
		{B7F8B238-0E44-40CA-9167-E5CFA0A0D08A}.Debug|Any CPU.ActiveCfg = Debug|Any CPU
		{B7F8B238-0E44-40CA-9167-E5CFA0A0D08A}.Debug|Any CPU.Build.0 = Debug|Any CPU
		{B7F8B238-0E44-40CA-9167-E5CFA0A0D08A}.Release|Any CPU.ActiveCfg = Release|Any CPU
		{B7F8B238-0E44-40CA-9167-E5CFA0A0D08A}.Release|Any CPU.Build.0 = Release|Any CPU
		{758B35CA-76C4-4CB0-9B45-371A3073234C}.Debug|Any CPU.ActiveCfg = Debug|Any CPU
		{758B35CA-76C4-4CB0-9B45-371A3073234C}.Debug|Any CPU.Build.0 = Debug|Any CPU
		{758B35CA-76C4-4CB0-9B45-371A3073234C}.Release|Any CPU.ActiveCfg = Release|Any CPU
		{758B35CA-76C4-4CB0-9B45-371A3073234C}.Release|Any CPU.Build.0 = Release|Any CPU
		{801171CD-3AB4-4DDA-8657-82F2AF3BE284}.Debug|Any CPU.ActiveCfg = Debug|Any CPU
		{801171CD-3AB4-4DDA-8657-82F2AF3BE284}.Debug|Any CPU.Build.0 = Debug|Any CPU
		{801171CD-3AB4-4DDA-8657-82F2AF3BE284}.Release|Any CPU.ActiveCfg = Release|Any CPU
		{801171CD-3AB4-4DDA-8657-82F2AF3BE284}.Release|Any CPU.Build.0 = Release|Any CPU
		{CC597096-5A22-4838-90A5-A8A9E9655A41}.Debug|Any CPU.ActiveCfg = Debug|Any CPU
		{CC597096-5A22-4838-90A5-A8A9E9655A41}.Debug|Any CPU.Build.0 = Debug|Any CPU
		{CC597096-5A22-4838-90A5-A8A9E9655A41}.Release|Any CPU.ActiveCfg = Release|Any CPU
		{CC597096-5A22-4838-90A5-A8A9E9655A41}.Release|Any CPU.Build.0 = Release|Any CPU
		{52A1C3C0-865C-47A7-B1BE-DB27407E38F9}.Debug|Any CPU.ActiveCfg = Debug|Any CPU
		{52A1C3C0-865C-47A7-B1BE-DB27407E38F9}.Debug|Any CPU.Build.0 = Debug|Any CPU
		{52A1C3C0-865C-47A7-B1BE-DB27407E38F9}.Release|Any CPU.ActiveCfg = Release|Any CPU
		{52A1C3C0-865C-47A7-B1BE-DB27407E38F9}.Release|Any CPU.Build.0 = Release|Any CPU
		{125FCB54-501A-4FDC-A27F-69BD23F63765}.Debug|Any CPU.ActiveCfg = Debug|Any CPU
		{125FCB54-501A-4FDC-A27F-69BD23F63765}.Debug|Any CPU.Build.0 = Debug|Any CPU
		{125FCB54-501A-4FDC-A27F-69BD23F63765}.Release|Any CPU.ActiveCfg = Release|Any CPU
		{125FCB54-501A-4FDC-A27F-69BD23F63765}.Release|Any CPU.Build.0 = Release|Any CPU
		{9B4641A1-122D-4B35-855B-70BBF8A90EA5}.Debug|Any CPU.ActiveCfg = Debug|Any CPU
		{9B4641A1-122D-4B35-855B-70BBF8A90EA5}.Debug|Any CPU.Build.0 = Debug|Any CPU
		{9B4641A1-122D-4B35-855B-70BBF8A90EA5}.Release|Any CPU.ActiveCfg = Release|Any CPU
		{9B4641A1-122D-4B35-855B-70BBF8A90EA5}.Release|Any CPU.Build.0 = Release|Any CPU
		{5B6FA709-D8A1-4827-AEE8-1485FE64EDE9}.Debug|Any CPU.ActiveCfg = Debug|Any CPU
		{5B6FA709-D8A1-4827-AEE8-1485FE64EDE9}.Debug|Any CPU.Build.0 = Debug|Any CPU
		{5B6FA709-D8A1-4827-AEE8-1485FE64EDE9}.Release|Any CPU.ActiveCfg = Release|Any CPU
		{5B6FA709-D8A1-4827-AEE8-1485FE64EDE9}.Release|Any CPU.Build.0 = Release|Any CPU
		{2B97C384-0977-4853-BDA8-C7372D8B7C19}.Debug|Any CPU.ActiveCfg = Debug|Any CPU
		{2B97C384-0977-4853-BDA8-C7372D8B7C19}.Debug|Any CPU.Build.0 = Debug|Any CPU
		{2B97C384-0977-4853-BDA8-C7372D8B7C19}.Release|Any CPU.ActiveCfg = Release|Any CPU
		{2B97C384-0977-4853-BDA8-C7372D8B7C19}.Release|Any CPU.Build.0 = Release|Any CPU
		{A9EA2E24-819D-4DD8-A3E6-098A95E3CFAF}.Debug|Any CPU.ActiveCfg = Debug|Any CPU
		{A9EA2E24-819D-4DD8-A3E6-098A95E3CFAF}.Debug|Any CPU.Build.0 = Debug|Any CPU
		{A9EA2E24-819D-4DD8-A3E6-098A95E3CFAF}.Release|Any CPU.ActiveCfg = Release|Any CPU
		{A9EA2E24-819D-4DD8-A3E6-098A95E3CFAF}.Release|Any CPU.Build.0 = Release|Any CPU
		{9982BA71-92C7-4318-84CF-7A647D747BC6}.Debug|Any CPU.ActiveCfg = Debug|Any CPU
		{9982BA71-92C7-4318-84CF-7A647D747BC6}.Debug|Any CPU.Build.0 = Debug|Any CPU
		{9982BA71-92C7-4318-84CF-7A647D747BC6}.Release|Any CPU.ActiveCfg = Release|Any CPU
		{9982BA71-92C7-4318-84CF-7A647D747BC6}.Release|Any CPU.Build.0 = Release|Any CPU
		{77EBCA2D-D69C-48DF-A6DE-EB8895D061C9}.Debug|Any CPU.ActiveCfg = Debug|Any CPU
		{77EBCA2D-D69C-48DF-A6DE-EB8895D061C9}.Debug|Any CPU.Build.0 = Debug|Any CPU
		{77EBCA2D-D69C-48DF-A6DE-EB8895D061C9}.Release|Any CPU.ActiveCfg = Release|Any CPU
		{77EBCA2D-D69C-48DF-A6DE-EB8895D061C9}.Release|Any CPU.Build.0 = Release|Any CPU
		{5E495D2D-AB23-4A36-A322-9A7CD730E8F7}.Debug|Any CPU.ActiveCfg = Debug|Any CPU
		{5E495D2D-AB23-4A36-A322-9A7CD730E8F7}.Debug|Any CPU.Build.0 = Debug|Any CPU
		{5E495D2D-AB23-4A36-A322-9A7CD730E8F7}.Release|Any CPU.ActiveCfg = Release|Any CPU
		{5E495D2D-AB23-4A36-A322-9A7CD730E8F7}.Release|Any CPU.Build.0 = Release|Any CPU
		{049FB942-9379-4139-9D51-11C6A7874A7A}.Debug|Any CPU.ActiveCfg = Debug|Any CPU
		{049FB942-9379-4139-9D51-11C6A7874A7A}.Debug|Any CPU.Build.0 = Debug|Any CPU
		{049FB942-9379-4139-9D51-11C6A7874A7A}.Release|Any CPU.ActiveCfg = Release|Any CPU
		{049FB942-9379-4139-9D51-11C6A7874A7A}.Release|Any CPU.Build.0 = Release|Any CPU
		{6564D647-0E4A-4EF0-A863-D39366E173C5}.Debug|Any CPU.ActiveCfg = Debug|Any CPU
		{6564D647-0E4A-4EF0-A863-D39366E173C5}.Debug|Any CPU.Build.0 = Debug|Any CPU
		{6564D647-0E4A-4EF0-A863-D39366E173C5}.Release|Any CPU.ActiveCfg = Release|Any CPU
		{6564D647-0E4A-4EF0-A863-D39366E173C5}.Release|Any CPU.Build.0 = Release|Any CPU
		{A29D0AE7-97CE-43C9-BB12-9D934883940A}.Debug|Any CPU.ActiveCfg = Debug|Any CPU
		{A29D0AE7-97CE-43C9-BB12-9D934883940A}.Debug|Any CPU.Build.0 = Debug|Any CPU
		{A29D0AE7-97CE-43C9-BB12-9D934883940A}.Release|Any CPU.ActiveCfg = Release|Any CPU
		{A29D0AE7-97CE-43C9-BB12-9D934883940A}.Release|Any CPU.Build.0 = Release|Any CPU
		{BD08BA12-A595-4C38-B1DF-74E4EEA60CD3}.Debug|Any CPU.ActiveCfg = Debug|Any CPU
		{BD08BA12-A595-4C38-B1DF-74E4EEA60CD3}.Debug|Any CPU.Build.0 = Debug|Any CPU
		{BD08BA12-A595-4C38-B1DF-74E4EEA60CD3}.Release|Any CPU.ActiveCfg = Release|Any CPU
		{BD08BA12-A595-4C38-B1DF-74E4EEA60CD3}.Release|Any CPU.Build.0 = Release|Any CPU
		{74AD75C0-3C41-4434-99C5-C9C9476C7E98}.Debug|Any CPU.ActiveCfg = Debug|Any CPU
		{74AD75C0-3C41-4434-99C5-C9C9476C7E98}.Debug|Any CPU.Build.0 = Debug|Any CPU
		{74AD75C0-3C41-4434-99C5-C9C9476C7E98}.Release|Any CPU.ActiveCfg = Release|Any CPU
		{74AD75C0-3C41-4434-99C5-C9C9476C7E98}.Release|Any CPU.Build.0 = Release|Any CPU
		{E4B280D2-A0B9-4002-B94B-3131346DA05A}.Debug|Any CPU.ActiveCfg = Debug|Any CPU
		{E4B280D2-A0B9-4002-B94B-3131346DA05A}.Debug|Any CPU.Build.0 = Debug|Any CPU
		{E4B280D2-A0B9-4002-B94B-3131346DA05A}.Release|Any CPU.ActiveCfg = Release|Any CPU
		{E4B280D2-A0B9-4002-B94B-3131346DA05A}.Release|Any CPU.Build.0 = Release|Any CPU
		{4852C786-6C30-4BC0-B854-E30BD4BEB473}.Debug|Any CPU.ActiveCfg = Debug|Any CPU
		{4852C786-6C30-4BC0-B854-E30BD4BEB473}.Debug|Any CPU.Build.0 = Debug|Any CPU
		{4852C786-6C30-4BC0-B854-E30BD4BEB473}.Release|Any CPU.ActiveCfg = Release|Any CPU
		{4852C786-6C30-4BC0-B854-E30BD4BEB473}.Release|Any CPU.Build.0 = Release|Any CPU
		{2FD53348-19A7-45B0-9DF7-CC116717B9FF}.Debug|Any CPU.ActiveCfg = Debug|Any CPU
		{2FD53348-19A7-45B0-9DF7-CC116717B9FF}.Debug|Any CPU.Build.0 = Debug|Any CPU
		{2FD53348-19A7-45B0-9DF7-CC116717B9FF}.Release|Any CPU.ActiveCfg = Release|Any CPU
		{2FD53348-19A7-45B0-9DF7-CC116717B9FF}.Release|Any CPU.Build.0 = Release|Any CPU
		{84061ED7-4FC8-482D-82EC-564DB9319682}.Debug|Any CPU.ActiveCfg = Debug|Any CPU
		{84061ED7-4FC8-482D-82EC-564DB9319682}.Debug|Any CPU.Build.0 = Debug|Any CPU
		{84061ED7-4FC8-482D-82EC-564DB9319682}.Release|Any CPU.ActiveCfg = Release|Any CPU
		{84061ED7-4FC8-482D-82EC-564DB9319682}.Release|Any CPU.Build.0 = Release|Any CPU
		{339F7882-F672-4CD4-A1E7-73D856D5E982}.Debug|Any CPU.ActiveCfg = Debug|Any CPU
		{339F7882-F672-4CD4-A1E7-73D856D5E982}.Debug|Any CPU.Build.0 = Debug|Any CPU
		{339F7882-F672-4CD4-A1E7-73D856D5E982}.Release|Any CPU.ActiveCfg = Release|Any CPU
		{339F7882-F672-4CD4-A1E7-73D856D5E982}.Release|Any CPU.Build.0 = Release|Any CPU
		{BE46C0B5-0491-4EE7-B3EA-5DB667073158}.Debug|Any CPU.ActiveCfg = Debug|Any CPU
		{BE46C0B5-0491-4EE7-B3EA-5DB667073158}.Debug|Any CPU.Build.0 = Debug|Any CPU
		{BE46C0B5-0491-4EE7-B3EA-5DB667073158}.Release|Any CPU.ActiveCfg = Release|Any CPU
		{BE46C0B5-0491-4EE7-B3EA-5DB667073158}.Release|Any CPU.Build.0 = Release|Any CPU
		{283EFFBD-6252-4377-A047-99E81480F337}.Debug|Any CPU.ActiveCfg = Debug|Any CPU
		{283EFFBD-6252-4377-A047-99E81480F337}.Debug|Any CPU.Build.0 = Debug|Any CPU
		{283EFFBD-6252-4377-A047-99E81480F337}.Release|Any CPU.ActiveCfg = Release|Any CPU
		{283EFFBD-6252-4377-A047-99E81480F337}.Release|Any CPU.Build.0 = Release|Any CPU
		{247B3B67-E63C-4AB7-99BE-7EA0B04BE3FC}.Debug|Any CPU.ActiveCfg = Debug|Any CPU
		{247B3B67-E63C-4AB7-99BE-7EA0B04BE3FC}.Debug|Any CPU.Build.0 = Debug|Any CPU
		{247B3B67-E63C-4AB7-99BE-7EA0B04BE3FC}.Release|Any CPU.ActiveCfg = Release|Any CPU
		{247B3B67-E63C-4AB7-99BE-7EA0B04BE3FC}.Release|Any CPU.Build.0 = Release|Any CPU
		{9FBB9767-AC57-4847-A75D-07BD41DB85F7}.Debug|Any CPU.ActiveCfg = Debug|Any CPU
		{9FBB9767-AC57-4847-A75D-07BD41DB85F7}.Debug|Any CPU.Build.0 = Debug|Any CPU
		{9FBB9767-AC57-4847-A75D-07BD41DB85F7}.Release|Any CPU.ActiveCfg = Release|Any CPU
		{9FBB9767-AC57-4847-A75D-07BD41DB85F7}.Release|Any CPU.Build.0 = Release|Any CPU
		{0B98050A-4E1F-45F9-906F-0FB2551393C6}.Debug|Any CPU.ActiveCfg = Debug|Any CPU
		{0B98050A-4E1F-45F9-906F-0FB2551393C6}.Debug|Any CPU.Build.0 = Debug|Any CPU
		{0B98050A-4E1F-45F9-906F-0FB2551393C6}.Release|Any CPU.ActiveCfg = Release|Any CPU
		{0B98050A-4E1F-45F9-906F-0FB2551393C6}.Release|Any CPU.Build.0 = Release|Any CPU
		{576003BA-C565-4FDA-82D8-D8B960EC8569}.Debug|Any CPU.ActiveCfg = Debug|Any CPU
		{576003BA-C565-4FDA-82D8-D8B960EC8569}.Debug|Any CPU.Build.0 = Debug|Any CPU
		{576003BA-C565-4FDA-82D8-D8B960EC8569}.Release|Any CPU.ActiveCfg = Release|Any CPU
		{576003BA-C565-4FDA-82D8-D8B960EC8569}.Release|Any CPU.Build.0 = Release|Any CPU
		{4FB2B607-7BB6-46DB-AF1A-E6E5763E2413}.Debug|Any CPU.ActiveCfg = Debug|Any CPU
		{4FB2B607-7BB6-46DB-AF1A-E6E5763E2413}.Debug|Any CPU.Build.0 = Debug|Any CPU
		{4FB2B607-7BB6-46DB-AF1A-E6E5763E2413}.Release|Any CPU.ActiveCfg = Release|Any CPU
		{4FB2B607-7BB6-46DB-AF1A-E6E5763E2413}.Release|Any CPU.Build.0 = Release|Any CPU
		{2DB13A79-2BE6-4133-AAC1-82ADF61BC92E}.Debug|Any CPU.ActiveCfg = Debug|Any CPU
		{2DB13A79-2BE6-4133-AAC1-82ADF61BC92E}.Debug|Any CPU.Build.0 = Debug|Any CPU
		{2DB13A79-2BE6-4133-AAC1-82ADF61BC92E}.Release|Any CPU.ActiveCfg = Release|Any CPU
		{2DB13A79-2BE6-4133-AAC1-82ADF61BC92E}.Release|Any CPU.Build.0 = Release|Any CPU
		{3D6C41CC-2C7C-43A5-B6A9-8E6EC37C18F1}.Debug|Any CPU.ActiveCfg = Debug|Any CPU
		{3D6C41CC-2C7C-43A5-B6A9-8E6EC37C18F1}.Debug|Any CPU.Build.0 = Debug|Any CPU
		{3D6C41CC-2C7C-43A5-B6A9-8E6EC37C18F1}.Release|Any CPU.ActiveCfg = Release|Any CPU
		{3D6C41CC-2C7C-43A5-B6A9-8E6EC37C18F1}.Release|Any CPU.Build.0 = Release|Any CPU
		{5E8A50E0-791D-4F06-B8DE-CE69C15100F9}.Debug|Any CPU.ActiveCfg = Debug|Any CPU
		{5E8A50E0-791D-4F06-B8DE-CE69C15100F9}.Debug|Any CPU.Build.0 = Debug|Any CPU
		{5E8A50E0-791D-4F06-B8DE-CE69C15100F9}.Release|Any CPU.ActiveCfg = Release|Any CPU
		{5E8A50E0-791D-4F06-B8DE-CE69C15100F9}.Release|Any CPU.Build.0 = Release|Any CPU
		{4A464ACF-7D4D-4CDD-A464-C0D2AB8DFA49}.Debug|Any CPU.ActiveCfg = Debug|Any CPU
		{4A464ACF-7D4D-4CDD-A464-C0D2AB8DFA49}.Debug|Any CPU.Build.0 = Debug|Any CPU
		{4A464ACF-7D4D-4CDD-A464-C0D2AB8DFA49}.Release|Any CPU.ActiveCfg = Release|Any CPU
		{4A464ACF-7D4D-4CDD-A464-C0D2AB8DFA49}.Release|Any CPU.Build.0 = Release|Any CPU
		{42F0F75F-C167-4AAB-94B5-4542E833ED85}.Debug|Any CPU.ActiveCfg = Debug|Any CPU
		{42F0F75F-C167-4AAB-94B5-4542E833ED85}.Debug|Any CPU.Build.0 = Debug|Any CPU
		{42F0F75F-C167-4AAB-94B5-4542E833ED85}.Release|Any CPU.ActiveCfg = Release|Any CPU
		{42F0F75F-C167-4AAB-94B5-4542E833ED85}.Release|Any CPU.Build.0 = Release|Any CPU
	EndGlobalSection
	GlobalSection(SolutionProperties) = preSolution
		HideSolutionNode = FALSE
	EndGlobalSection
	GlobalSection(NestedProjects) = preSolution
		{BE575FE9-5E55-4B99-B94A-444A29A4DBF8} = {C985ACD2-6276-4368-93A5-7A819DFFA93C}
		{DE250227-E8E9-4603-B97D-117961A7A155} = {BE575FE9-5E55-4B99-B94A-444A29A4DBF8}
		{407448AB-1427-4DBA-BB5A-4D915AFA26E1} = {BE575FE9-5E55-4B99-B94A-444A29A4DBF8}
		{F53B081A-5C6D-414D-8E75-E7C01B061C8D} = {C985ACD2-6276-4368-93A5-7A819DFFA93C}
		{BFC7C275-E2E5-4D6D-AB2D-0F6655BB1C37} = {F53B081A-5C6D-414D-8E75-E7C01B061C8D}
		{5B29C3BD-13C6-4E86-B973-B6BCD1BE3588} = {F53B081A-5C6D-414D-8E75-E7C01B061C8D}
		{02B861EE-D276-4B32-AB1E-0E10C87A8352} = {C985ACD2-6276-4368-93A5-7A819DFFA93C}
		{92EBF30C-D9A9-4819-8873-3F95B4CEDBD0} = {02B861EE-D276-4B32-AB1E-0E10C87A8352}
		{65F75D8E-4DA6-4199-A828-460BF03CF880} = {02B861EE-D276-4B32-AB1E-0E10C87A8352}
		{211DAAE1-BF85-49E9-A652-00AC720AE290} = {C985ACD2-6276-4368-93A5-7A819DFFA93C}
		{DCE22E57-E90B-4FC6-BB48-FDFAD8CDB390} = {211DAAE1-BF85-49E9-A652-00AC720AE290}
		{1B07DB38-8DB5-41A7-99ED-F0AC0074BE48} = {211DAAE1-BF85-49E9-A652-00AC720AE290}
		{78A4DD37-AAFC-4902-A628-B8B8C9EF0A0D} = {50037394-13B7-45D5-8FA9-895B5DCECDD5}
		{50037394-13B7-45D5-8FA9-895B5DCECDD5} = {C985ACD2-6276-4368-93A5-7A819DFFA93C}
		{B7F8B238-0E44-40CA-9167-E5CFA0A0D08A} = {50037394-13B7-45D5-8FA9-895B5DCECDD5}
		{758B35CA-76C4-4CB0-9B45-371A3073234C} = {50037394-13B7-45D5-8FA9-895B5DCECDD5}
		{92900DB6-5CDD-4300-B80F-EF555ACE22C2} = {8E0B10D9-FD3A-49F2-8C5E-0A4D345C57DE}
		{801171CD-3AB4-4DDA-8657-82F2AF3BE284} = {92900DB6-5CDD-4300-B80F-EF555ACE22C2}
		{CC597096-5A22-4838-90A5-A8A9E9655A41} = {92900DB6-5CDD-4300-B80F-EF555ACE22C2}
		{C8C12490-B25C-4E89-B446-26585C04BB51} = {8E0B10D9-FD3A-49F2-8C5E-0A4D345C57DE}
		{2C4CF0B9-DAD8-40A3-8BF2-A3C884B60DBF} = {8E0B10D9-FD3A-49F2-8C5E-0A4D345C57DE}
		{7D095101-ECB7-4367-B670-D682C603EDBC} = {8E0B10D9-FD3A-49F2-8C5E-0A4D345C57DE}
		{6D4F572D-B4F6-49B4-B4AD-CB13F35ED5B3} = {8E0B10D9-FD3A-49F2-8C5E-0A4D345C57DE}
		{CC6E612C-E834-4B9B-8071-5B31F695FD85} = {8E0B10D9-FD3A-49F2-8C5E-0A4D345C57DE}
		{4DD03957-3290-48B6-94EB-98CBAB1138DB} = {8E0B10D9-FD3A-49F2-8C5E-0A4D345C57DE}
		{21854BC3-B84B-4594-80BF-1FB8EC288ACB} = {D5E50FE6-AC45-4B11-AD27-054219E9858E}
		{E9C55311-D146-47CD-8A12-045B1F5374B3} = {D5E50FE6-AC45-4B11-AD27-054219E9858E}
		{114B80B6-DB23-4658-9FBF-79487A5DF4F5} = {D5E50FE6-AC45-4B11-AD27-054219E9858E}
		{366723EF-ACD2-4BA0-88DF-BB2F05DAECD8} = {D5E50FE6-AC45-4B11-AD27-054219E9858E}
		{EF1B1F8C-66D2-4CBC-A43D-879ED20E3774} = {D5E50FE6-AC45-4B11-AD27-054219E9858E}
		{25D05D9B-4264-48F7-B316-834E745EA971} = {D5E50FE6-AC45-4B11-AD27-054219E9858E}
		{F109A999-77DE-42DF-80A4-04C10E3BEAEF} = {D5E50FE6-AC45-4B11-AD27-054219E9858E}
		{B1E73575-1C9A-44FF-9CE5-086F753CD76B} = {D5E50FE6-AC45-4B11-AD27-054219E9858E}
		{7C1F6044-DD58-4E17-AB9F-874F27DC9667} = {D5E50FE6-AC45-4B11-AD27-054219E9858E}
		{52A1C3C0-865C-47A7-B1BE-DB27407E38F9} = {C8C12490-B25C-4E89-B446-26585C04BB51}
		{125FCB54-501A-4FDC-A27F-69BD23F63765} = {C8C12490-B25C-4E89-B446-26585C04BB51}
		{9B4641A1-122D-4B35-855B-70BBF8A90EA5} = {C8C12490-B25C-4E89-B446-26585C04BB51}
		{5B6FA709-D8A1-4827-AEE8-1485FE64EDE9} = {2C4CF0B9-DAD8-40A3-8BF2-A3C884B60DBF}
		{2B97C384-0977-4853-BDA8-C7372D8B7C19} = {2C4CF0B9-DAD8-40A3-8BF2-A3C884B60DBF}
		{A9EA2E24-819D-4DD8-A3E6-098A95E3CFAF} = {7D095101-ECB7-4367-B670-D682C603EDBC}
		{9982BA71-92C7-4318-84CF-7A647D747BC6} = {7D095101-ECB7-4367-B670-D682C603EDBC}
		{77EBCA2D-D69C-48DF-A6DE-EB8895D061C9} = {CC6E612C-E834-4B9B-8071-5B31F695FD85}
		{5E495D2D-AB23-4A36-A322-9A7CD730E8F7} = {CC6E612C-E834-4B9B-8071-5B31F695FD85}
		{049FB942-9379-4139-9D51-11C6A7874A7A} = {6D4F572D-B4F6-49B4-B4AD-CB13F35ED5B3}
		{6564D647-0E4A-4EF0-A863-D39366E173C5} = {6D4F572D-B4F6-49B4-B4AD-CB13F35ED5B3}
		{A29D0AE7-97CE-43C9-BB12-9D934883940A} = {4DD03957-3290-48B6-94EB-98CBAB1138DB}
		{BD08BA12-A595-4C38-B1DF-74E4EEA60CD3} = {4DD03957-3290-48B6-94EB-98CBAB1138DB}
		{74AD75C0-3C41-4434-99C5-C9C9476C7E98} = {21854BC3-B84B-4594-80BF-1FB8EC288ACB}
		{E4B280D2-A0B9-4002-B94B-3131346DA05A} = {21854BC3-B84B-4594-80BF-1FB8EC288ACB}
		{4852C786-6C30-4BC0-B854-E30BD4BEB473} = {E9C55311-D146-47CD-8A12-045B1F5374B3}
		{2FD53348-19A7-45B0-9DF7-CC116717B9FF} = {E9C55311-D146-47CD-8A12-045B1F5374B3}
		{84061ED7-4FC8-482D-82EC-564DB9319682} = {114B80B6-DB23-4658-9FBF-79487A5DF4F5}
		{339F7882-F672-4CD4-A1E7-73D856D5E982} = {114B80B6-DB23-4658-9FBF-79487A5DF4F5}
		{BE46C0B5-0491-4EE7-B3EA-5DB667073158} = {366723EF-ACD2-4BA0-88DF-BB2F05DAECD8}
		{283EFFBD-6252-4377-A047-99E81480F337} = {366723EF-ACD2-4BA0-88DF-BB2F05DAECD8}
		{247B3B67-E63C-4AB7-99BE-7EA0B04BE3FC} = {EF1B1F8C-66D2-4CBC-A43D-879ED20E3774}
		{9FBB9767-AC57-4847-A75D-07BD41DB85F7} = {EF1B1F8C-66D2-4CBC-A43D-879ED20E3774}
		{0B98050A-4E1F-45F9-906F-0FB2551393C6} = {F109A999-77DE-42DF-80A4-04C10E3BEAEF}
		{576003BA-C565-4FDA-82D8-D8B960EC8569} = {F109A999-77DE-42DF-80A4-04C10E3BEAEF}
		{4FB2B607-7BB6-46DB-AF1A-E6E5763E2413} = {25D05D9B-4264-48F7-B316-834E745EA971}
		{2DB13A79-2BE6-4133-AAC1-82ADF61BC92E} = {25D05D9B-4264-48F7-B316-834E745EA971}
		{3D6C41CC-2C7C-43A5-B6A9-8E6EC37C18F1} = {B1E73575-1C9A-44FF-9CE5-086F753CD76B}
		{5E8A50E0-791D-4F06-B8DE-CE69C15100F9} = {B1E73575-1C9A-44FF-9CE5-086F753CD76B}
		{4A464ACF-7D4D-4CDD-A464-C0D2AB8DFA49} = {7C1F6044-DD58-4E17-AB9F-874F27DC9667}
		{42F0F75F-C167-4AAB-94B5-4542E833ED85} = {7C1F6044-DD58-4E17-AB9F-874F27DC9667}
	EndGlobalSection
EndGlobal
